# This file is autogenerated, do not edit; changes may be undone by the next 'dep ensure'.


[[projects]]
  digest = "1:1941af3ef61806a8a9b818c45156145f815abaa0adc11284b87cafd73aa5e432"
  name = "9fans.net/go"
  packages = [
    "acme",
    "draw",
    "draw/drawfcall",
    "plan9",
    "plan9/client",
  ]
  pruneopts = "UT"
  revision = "607f0e874ba2877b068b4dd302d30369528938bd"
  version = "v0.0.2"

[[projects]]
  branch = "2.x"
  digest = "1:363b0e34612c52f9b707606c16eab4d3a9482a349b853fee485a23b583228dd3"
  name = "github.com/Masterminds/semver"
  packages = ["."]
  pruneopts = "UT"
  revision = "317e8cce5480d12bcbaa660fb8e11f7d7cf27249"

[[projects]]
  digest = "1:f154754548cdef8790ec20f3e4485e3feb7c7ed5891f52d6e98f3a3d2584a50a"
  name = "github.com/Masterminds/vcs"
  packages = ["."]
  pruneopts = "UT"
  revision = "f94282d8632a0620f79f0c6ff0e82604e8c5c85b"
  version = "v1.13.1"

[[projects]]
  digest = "1:9d339fa228e9122cc27f67e9d3f6bcd02682059f46249235d27f4108e3bc4923"
  name = "github.com/acroca/go-symbols"
  packages = ["."]
  pruneopts = "UT"
  revision = "b3af8b100b8a7d0136e0c17820a066d8365f1316"
  version = "v0.1.1"

[[projects]]
  digest = "1:c47f4964978e211c6e566596ec6246c329912ea92e9bb99c00798bb4564c5b09"
  name = "github.com/armon/go-radix"
  packages = ["."]
  pruneopts = "UT"
  revision = "1a2de0c21c94309923825da3df33a4381872c795"
  version = "v1.0.0"

[[projects]]
  digest = "1:0f98f59e9a2f4070d66f0c9c39561f68fcd1dc837b22a852d28d0003aebd1b1e"
  name = "github.com/boltdb/bolt"
  packages = ["."]
  pruneopts = "UT"
  revision = "2f1ce7a837dcb8da3ec595b1dac9d0632f0f99e8"
  version = "v1.3.1"

[[projects]]
  digest = "1:3ab25f16e5aed86d4cffce0ece2dfbac7686e2d29fdd17f62fc75f810d5a6891"
  name = "github.com/cosiner/argv"
  packages = ["."]
  pruneopts = "UT"
  revision = "0e2b0bed5d2192501434fcddeca7c485a929f513"
  version = "v0.1.0"

[[projects]]
  digest = "1:ffe9824d294da03b391f44e1ae8281281b4afc1bdaa9588c9097785e3af10cec"
  name = "github.com/davecgh/go-spew"
  packages = ["spew"]
  pruneopts = "UT"
  revision = "8991bc29aa16c548c550c7ff78260e27b9ab7c73"
  version = "v1.1.1"

[[projects]]
  digest = "1:e7f1d333b5eb0bbb723812977ff183f28ce161ec6bf0b008e3132e324e910075"
  name = "github.com/go-delve/delve"
  packages = [
    "cmd/dlv",
    "cmd/dlv/cmds",
    "pkg/config",
    "pkg/dwarf/frame",
    "pkg/dwarf/godwarf",
    "pkg/dwarf/line",
    "pkg/dwarf/loclist",
    "pkg/dwarf/op",
    "pkg/dwarf/reader",
    "pkg/dwarf/util",
    "pkg/goversion",
    "pkg/logflags",
    "pkg/proc",
    "pkg/proc/core",
    "pkg/proc/core/minidump",
    "pkg/proc/fbsdutil",
    "pkg/proc/gdbserial",
    "pkg/proc/linutil",
    "pkg/proc/native",
    "pkg/proc/winutil",
    "pkg/terminal",
    "pkg/terminal/starbind",
    "pkg/version",
    "service",
    "service/api",
    "service/debugger",
    "service/rpc1",
    "service/rpc2",
    "service/rpccommon",
  ]
  pruneopts = "UT"
  revision = "81a86086dd9974d5bab76b1749d7450bb6b5cfab"
  version = "v1.4.0"

[[projects]]
  digest = "1:9123a230de41cedc9869f49ca2d16b815877a70b451894cea7357b1b0c62c43a"
  name = "github.com/go-phorce/cov-report"
  packages = ["cmd/cov-report"]
  pruneopts = "UT"
  revision = "2f2de7e1aaca0b7df9c485107e3de5d568929e1c"
  version = "0.1"

[[projects]]
  digest = "1:578fa3fa63e856d0651c3d788bdf818ba851db50665ae91ff1604bceb5f8dc6f"
  name = "github.com/golang/dep"
  packages = [
    ".",
    "cmd/dep",
    "gps",
    "gps/internal/pb",
    "gps/paths",
    "gps/pkgtree",
    "gps/verify",
    "internal/feedback",
    "internal/fs",
    "internal/importers",
    "internal/importers/base",
    "internal/importers/glide",
    "internal/importers/glock",
    "internal/importers/godep",
    "internal/importers/govend",
    "internal/importers/govendor",
    "internal/importers/gvt",
    "internal/importers/vndr",
  ]
  pruneopts = "UT"
  revision = "1f7c19e5f52f49ffb9f956f64c010be14683468b"
  version = "v0.5.4"

[[projects]]
  digest = "1:112b07cad4bd500e6e445cc0b9294ca310faa41199c19475c557daa2c7519549"
  name = "github.com/golang/protobuf"
  packages = ["proto"]
  pruneopts = "UT"
  revision = "1b794fe86dd6a0c7c52ae69b5c9cb0aeedc52afa"
  version = "v1.4.0"

[[projects]]
  digest = "1:870d441fe217b8e689d7949fef6e43efbc787e50f200cb1e70dbca9204a1d6be"
  name = "github.com/inconshreveable/mousetrap"
  packages = ["."]
  pruneopts = "UT"
  revision = "76626ae9c91c4f2a10f34cad8ce83ea42c93bb75"
  version = "v1.0"

[[projects]]
  digest = "1:dcb3e2ad17349c0cc89ffc16692d05195e6a67b4924fe81760fba9a307a7271d"
  name = "github.com/jmank88/nuts"
  packages = ["."]
  pruneopts = "UT"
  revision = "61b15a02400deb6a15ed0d54df135de0b55f4afb"
  version = "v0.3.1"

[[projects]]
  digest = "1:0015060922f1b2e04469224e2ed82f0a67abbfee9a0a91852cf4980b91bf11d6"
  name = "github.com/jteeuwen/go-bindata"
  packages = ["."]
  pruneopts = "UT"
  revision = "bbd0c6e271208dce66d8fda4bc536453cd27fc4a"
  version = "v3.0.7"

[[projects]]
  branch = "master"
  digest = "1:833e360665aed0fee041fbe8099ffc532cb3b250f430d6669e4ac772c3859268"
  name = "github.com/juju/errors"
  packages = ["."]
  pruneopts = "UT"
  revision = "3fe23663418fc1d724868c84f21b7519bbac7441"

[[projects]]
  digest = "1:1561d3f382a9923816f744264e5ad200a94486328d39216c981e981ab4aba17f"
  name = "github.com/karrick/godirwalk"
  packages = ["."]
  pruneopts = "UT"
  revision = "99bb3743ba1bdd193cd193bcc0aeced2dd577c4d"
  version = "v1.15.6"

[[projects]]
  digest = "1:31e761d97c76151dde79e9d28964a812c46efc5baee4085b86f68f0c654450de"
  name = "github.com/konsorten/go-windows-terminal-sequences"
  packages = ["."]
  pruneopts = "UT"
  revision = "f55edac94c9bbba5d6182a4be46d86a2c9b5b50e"
  version = "v1.0.2"

[[projects]]
  digest = "1:0109cf4321a15313ec895f42e723e1f76121c6975ea006abfa20012272ec0937"
  name = "github.com/mattn/go-colorable"
  packages = ["."]
  pruneopts = "UT"
  revision = "68e95eba382c972aafde02ead2cd2426a8a92480"
  version = "v0.1.6"

[[projects]]
  digest = "1:0c58d31abe2a2ccb429c559b6292e7df89dcda675456fecc282fa90aa08273eb"
  name = "github.com/mattn/go-isatty"
  packages = ["."]
  pruneopts = "UT"
  revision = "7b513a986450394f7bbf1476909911b3aa3a55ce"
  version = "v0.0.12"

[[projects]]
  digest = "1:38286a6220cf5b85bae83d5754bbfd7218c833b4fc8b56f5d168ea4bc073ad27"
  name = "github.com/mattn/go-runewidth"
  packages = ["."]
  pruneopts = "UT"
  revision = "14e809f6d78fcf9f48ff9b70981472b64c05f754"
  version = "v0.0.9"

[[projects]]
  digest = "1:bbee1379b1bdaed66899c90913b5dd339fe33610b2b24346cec6f2cc6c1b42bd"
  name = "github.com/mattn/goveralls"
  packages = ["."]
  pruneopts = "UT"
  revision = "3dca685be5da15e615a09b54d22b74c47225bac4"
  version = "v0.0.5"

[[projects]]
  digest = "1:96294449af72253919beb3eff4ba5cc6063080b15cc1ebffc3b8510ef2cc55a0"
  name = "github.com/nightlyone/lockfile"
  packages = ["."]
  pruneopts = "UT"
  revision = "d487ed8593d2cb7638cf901ff9fc48f62c9a902f"
  version = "v1.0.0"

[[projects]]
  branch = "master"
  digest = "1:4784e60fb5e993720556b8c12d8ba71342860daa6feebc119266549324e43293"
  name = "github.com/nsf/gocode"
  packages = ["."]
  pruneopts = "UT"
  revision = "5bee97b488366fd20b054d0861b89834ff5bbfb2"

[[projects]]
  digest = "1:1d835d5c3153aceef96c2d58866edde1aa70e25339831cff07b1e47456410e5c"
  name = "github.com/pelletier/go-toml"
  packages = ["."]
  pruneopts = "UT"
  revision = "8e8d2a6aad23fcaa64716c5fa6975ec3abbf8281"
  version = "v1.7.0"

[[projects]]
  digest = "1:c90172176f72788b5e68aadb116d3e2f4d2bae757fa11cd6807967e0a38aeec1"
  name = "github.com/peterh/liner"
  packages = ["."]
  pruneopts = "UT"
  revision = "f01956e11ba4dc7eb4d2de9c7dc621f825dcc9c9"
  version = "v1.2.0"

[[projects]]
  digest = "1:cf31692c14422fa27c83a05292eb5cbe0fb2775972e8f1f8446a71549bd8980b"
  name = "github.com/pkg/errors"
  packages = ["."]
  pruneopts = "UT"
  revision = "ba968bfe8b2f7e042a574c888954fccecfa385b4"
  version = "v0.8.1"

[[projects]]
  digest = "1:0028cb19b2e4c3112225cd871870f2d9cf49b9b4276531f03438a88e94be86fe"
  name = "github.com/pmezard/go-difflib"
  packages = ["difflib"]
  pruneopts = "UT"
  revision = "792786c7400a136282c1664665ae0a8db921c6c2"
  version = "v1.0.0"

[[projects]]
  digest = "1:eec4293eb6d65b202774524ef6c58709336f2dd228fc27fbd48e5a53acfdc148"
  name = "github.com/ramya-rao-a/go-outline"
  packages = ["."]
  pruneopts = "UT"
  revision = "9e9d089bb61a5ce4f8e0c8d8dc5b4e41b0e02a48"
  version = "1.0.0"

[[projects]]
  digest = "1:63d963037df2cf219133b6dae3c96b7b4cc59d9b35275104ae6a4e3e0adefb21"
  name = "github.com/rogpeppe/godef"
  packages = [
    ".",
    "go/ast",
    "go/parser",
    "go/printer",
    "go/scanner",
    "go/token",
    "go/types",
  ]
  pruneopts = "UT"
  revision = "8318a6814d22e99151760ac2fc890f55088a3192"
  version = "v1.1.2"

[[projects]]
  branch = "master"
  digest = "1:3b2f0fcb35e10e0f7845f2182e4dd22f5a6fe3db5d1044ca815d646992a2444f"
  name = "github.com/sdboyer/constext"
  packages = ["."]
  pruneopts = "UT"
  revision = "836a144573533ea4da4e6929c235fd348aed1c80"

[[projects]]
  digest = "1:0599141a8403114d34f1e546604ad6c5361b70dfa80e80c635f438cdbf71b43a"
  name = "github.com/sirupsen/logrus"
  packages = ["."]
  pruneopts = "UT"
  revision = "d417be0fe654de640a82370515129985b407c7e3"
  version = "v1.5.0"

[[projects]]
  digest = "1:f6adcf4df6c030a53a14a8fdbb3fade7cac3d014ff78a4e0de500b4c0cf5154f"
  name = "github.com/spf13/cobra"
  packages = ["."]
  pruneopts = "UT"
  revision = "a684a6d7f5e37385d954dd3b5a14fc6912c6ab9d"
  version = "v1.0.0"

[[projects]]
  digest = "1:524b71991fc7d9246cc7dc2d9e0886ccb97648091c63e30eef619e6862c955dd"
  name = "github.com/spf13/pflag"
  packages = ["."]
  pruneopts = "UT"
  revision = "2e9d26c8c37aae03e3f9d4e90b7116f5accb7cab"
  version = "v1.0.5"

[[projects]]
  branch = "master"
  digest = "1:f2ddb87688344f305921374f7dfcf16fca2cedd3dadd97ebcb39e1be24a8a444"
  name = "github.com/sqs/goreturns"
  packages = [
    ".",
    "returns",
  ]
  pruneopts = "UT"
  revision = "538ac601451833c7c4449f8431d65d53c1c60e41"

[[projects]]
  digest = "1:23472f69a3ee7225de2f104aa48c6456959d1c155e45035c9845806d83109190"
  name = "github.com/stretchr/objx"
  packages = ["."]
  pruneopts = "UT"
  revision = "ea4fe68685ee0d3cee7032121851b57e7494e8ea"
  version = "v0.2.0"

[[projects]]
  digest = "1:afdf6d6e3ea4dd14ae07f2351e324a433a7d412dca169688a176c8938b159a94"
  name = "github.com/stretchr/testify"
  packages = [
    ".",
    "assert",
    "http",
    "mock",
    "require",
  ]
  pruneopts = "UT"
  revision = "3ebf1ddaeb260c4b1ae502a01c7844fa8c1fa0e9"
  version = "v1.5.1"

[[projects]]
  digest = "1:1fd7a8999508f2184f68667119d3a19967177c906d186c6a16564cc53231f6f7"
  name = "github.com/uudashr/gopkgs"
  packages = [
    ".",
    "cmd/gopkgs",
    "v2",
  ]
  pruneopts = "UT"
  revision = "4d0f738b8305f9b3a4b8d6471aaa60e9211636a4"
  version = "v2.1.2"

[[projects]]
  branch = "master"
  digest = "1:8eea555e504f86c3d7316b388060c2f524b630aa5e848c68edaef99a827fe711"
  name = "go.starlark.net"
  packages = [
    "internal/compile",
    "internal/spell",
    "resolve",
    "starlark",
    "syntax",
  ]
  pruneopts = "UT"
  revision = "be5394c419b6941c14d194a98925a71512f8f979"

[[projects]]
  branch = "master"
  digest = "1:f0a1de7bfdfe498557025447311f3fa4bc54b1345aeeeeeca0c3401ff79f2b4d"
  name = "golang.org/x/arch"
  packages = [
    "arm64/arm64asm",
    "x86/x86asm",
  ]
  pruneopts = "UT"
  revision = "ff8b605520f41c79b275fd0445cfc3c9a2a49b0c"

[[projects]]
  branch = "master"
  digest = "1:3403849330a8ab0adfff079dc6c6ad7bd8961a4a6891d05b9797063b4024f623"
  name = "golang.org/x/lint"
  packages = [
    ".",
    "golint",
  ]
  pruneopts = "UT"
  revision = "738671d3881b9731cc63024d5d88cf28db875626"

[[projects]]
  digest = "1:467bb8fb8fa786448b8d486cd0bb7c1a5577dcd7310441aa02a20110cd9f727d"
  name = "golang.org/x/mod"
  packages = [
    "module",
    "semver",
  ]
  pruneopts = "UT"
  revision = "ed3ec21bb8e252814c380df79a80f366440ddb2d"
  version = "v0.2.0"

[[projects]]
  branch = "master"
  digest = "1:7ccb2dbb79f60b4e530c7dc3a0b3681b3869cf7ea91c645735e4dd4e6e3264fd"
  name = "golang.org/x/net"
  packages = ["context/ctxhttp"]
  pruneopts = "UT"
  revision = "d3edc9973b7eb1fb302b0ff2c62357091cea9a30"

[[projects]]
  branch = "master"
  digest = "1:b521f10a2d8fa85c04a8ef4e62f2d1e14d303599a55d64dabf9f5a02f84d35eb"
  name = "golang.org/x/sync"
  packages = ["errgroup"]
  pruneopts = "UT"
  revision = "43a5402ce75a95522677f77c619865d66b8c57ab"

[[projects]]
  branch = "master"
  digest = "1:968aac203feaa75d5e4c758550abcd9523dd736e5e3c2892e94feb9006e4fb36"
  name = "golang.org/x/sys"
  packages = [
    "unix",
    "windows",
  ]
  pruneopts = "UT"
  revision = "669c56c373c468cbe0f0c12b7939832b26088d33"

[[projects]]
  branch = "master"
  digest = "1:33e8e02fe0922263a1b5774c7a0dd7d9db8a1ae023049f377cb8ab0830394a05"
  name = "golang.org/x/tools"
  packages = [
    "cmd/fiximports",
    "cmd/godoc",
    "cmd/goimports",
    "cmd/gorename",
    "cmd/guru",
    "cmd/guru/serial",
    "cmd/stringer",
    "container/intsets",
    "cover",
    "go/ast/astutil",
    "go/buildutil",
    "go/callgraph",
    "go/callgraph/static",
    "go/gcexportdata",
    "go/internal/cgo",
    "go/internal/gcimporter",
    "go/internal/packagesdriver",
    "go/loader",
    "go/packages",
    "go/pointer",
    "go/ssa",
    "go/ssa/ssautil",
    "go/types/typeutil",
    "godoc",
    "godoc/analysis",
    "godoc/golangorgenv",
    "godoc/redirect",
    "godoc/static",
    "godoc/util",
    "godoc/vfs",
    "godoc/vfs/gatefs",
    "godoc/vfs/httpfs",
    "godoc/vfs/mapfs",
    "godoc/vfs/zipfs",
    "imports",
    "internal/fastwalk",
    "internal/gocommand",
    "internal/gopathwalk",
    "internal/imports",
    "internal/packagesinternal",
    "internal/telemetry/event",
    "playground",
    "refactor/importgraph",
    "refactor/rename",
    "refactor/satisfy",
  ]
  pruneopts = "UT"
  revision = "c07e33ef3290829dccb52f723d2b5676c837a330"

[[projects]]
  branch = "master"
  digest = "1:918a46e4a2fb83df33f668f5a6bd51b2996775d073fce1800d3ec01b0a5ddd2b"
  name = "golang.org/x/xerrors"
  packages = [
    ".",
    "internal",
  ]
  pruneopts = "UT"
  revision = "9bdfabe68543c54f90421aeb9a60ef8061b5b544"

[[projects]]
  digest = "1:f1865c7b6c5f85632ff40fd729aa3393e66a2db3de74d43ab7c594be7e9bfe25"
  name = "google.golang.org/protobuf"
  packages = [
    "encoding/prototext",
    "encoding/protowire",
    "internal/descfmt",
    "internal/descopts",
    "internal/detrand",
    "internal/encoding/defval",
    "internal/encoding/messageset",
    "internal/encoding/tag",
    "internal/encoding/text",
    "internal/errors",
    "internal/fieldnum",
    "internal/fieldsort",
    "internal/filedesc",
    "internal/filetype",
    "internal/flags",
    "internal/genname",
    "internal/impl",
    "internal/mapsort",
    "internal/pragma",
    "internal/set",
    "internal/strs",
    "internal/version",
    "proto",
    "reflect/protoreflect",
    "reflect/protoregistry",
    "runtime/protoiface",
    "runtime/protoimpl",
  ]
  pruneopts = "UT"
  revision = "3b9eee12916ce611400f93d6c2fed2fc2911b0ad"
  version = "v1.21.0"

[[projects]]
  digest = "1:55b110c99c5fdc4f14930747326acce56b52cfce60b24b1c03ef686ac0e46bb1"
  name = "gopkg.in/yaml.v2"
  packages = ["."]
  pruneopts = "UT"
  revision = "53403b58ad1b561927d19068c655246f2db79d48"
  version = "v2.2.8"

[solve-meta]
  analyzer-name = "dep"
  analyzer-version = 1
  input-imports = [
    "github.com/acroca/go-symbols",
    "github.com/go-delve/delve/cmd/dlv",
    "github.com/go-phorce/cov-report/cmd/cov-report",
    "github.com/golang/dep/cmd/dep",
    "github.com/jteeuwen/go-bindata",
    "github.com/juju/errors",
    "github.com/mattn/goveralls",
    "github.com/nsf/gocode",
    "github.com/ramya-rao-a/go-outline",
    "github.com/rogpeppe/godef",
    "github.com/sqs/goreturns",
    "github.com/stretchr/testify",
    "github.com/stretchr/testify/assert",
    "github.com/stretchr/testify/require",
    "github.com/uudashr/gopkgs/cmd/gopkgs",
    "golang.org/x/lint",
    "golang.org/x/lint/golint",
    "golang.org/x/tools/cmd/fiximports",
    "golang.org/x/tools/cmd/godoc",
    "golang.org/x/tools/cmd/goimports",
    "golang.org/x/tools/cmd/gorename",
    "golang.org/x/tools/cmd/guru",
    "golang.org/x/tools/cmd/stringer",
  ]
  solver-name = "gps-cdcl"
  solver-version = 1
